
Microsoft Visual Studio Solution File, Format Version 12.00
# Visual Studio 15
VisualStudioVersion = 15.0.28307.168
MinimumVisualStudioVersion = 10.0.40219.1
Project("{FAE04EC0-301F-11D3-BF4B-00C04F79EFBC}") = "WelcomeToMyWorld.Android", "WelcomeToMyWorld\WelcomeToMyWorld.Android\WelcomeToMyWorld.Android.csproj", "{07EDEB8E-9EE5-406E-BD44-52B40E6D49DE}"
EndProject
Project("{FAE04EC0-301F-11D3-BF4B-00C04F79EFBC}") = "WelcomeToMyWorld.UWP", "WelcomeToMyWorld\WelcomeToMyWorld.UWP\WelcomeToMyWorld.UWP.csproj", "{BD97F1B8-0230-459D-BB64-D5DB8A08A8BA}"
EndProject
Project("{FAE04EC0-301F-11D3-BF4B-00C04F79EFBC}") = "WelcomeToMyWorld", "WelcomeToMyWorld\WelcomeToMyWorld\WelcomeToMyWorld.csproj", "{875CC406-7407-4C1A-94C2-2FDFADFE0EE4}"
EndProject
Global
	GlobalSection(SolutionConfigurationPlatforms) = preSolution
		Debug|Any CPU = Debug|Any CPU
		Debug|ARM = Debug|ARM
		Debug|x64 = Debug|x64
		Debug|x86 = Debug|x86
		Release|Any CPU = Release|Any CPU
		Release|ARM = Release|ARM
		Release|x64 = Release|x64
		Release|x86 = Release|x86
	EndGlobalSection
	GlobalSection(ProjectConfigurationPlatforms) = postSolution
		{07EDEB8E-9EE5-406E-BD44-52B40E6D49DE}.Debug|Any CPU.ActiveCfg = Debug|Any CPU
		{07EDEB8E-9EE5-406E-BD44-52B40E6D49DE}.Debug|Any CPU.Build.0 = Debug|Any CPU
		{07EDEB8E-9EE5-406E-BD44-52B40E6D49DE}.Debug|Any CPU.Deploy.0 = Debug|Any CPU
		{07EDEB8E-9EE5-406E-BD44-52B40E6D49DE}.Debug|ARM.ActiveCfg = Debug|Any CPU
		{07EDEB8E-9EE5-406E-BD44-52B40E6D49DE}.Debug|ARM.Build.0 = Debug|Any CPU
		{07EDEB8E-9EE5-406E-BD44-52B40E6D49DE}.Debug|ARM.Deploy.0 = Debug|Any CPU
		{07EDEB8E-9EE5-406E-BD44-52B40E6D49DE}.Debug|x64.ActiveCfg = Debug|Any CPU
		{07EDEB8E-9EE5-406E-BD44-52B40E6D49DE}.Debug|x64.Build.0 = Debug|Any CPU
		{07EDEB8E-9EE5-406E-BD44-52B40E6D49DE}.Debug|x64.Deploy.0 = Debug|Any CPU
		{07EDEB8E-9EE5-406E-BD44-52B40E6D49DE}.Debug|x86.ActiveCfg = Debug|Any CPU
		{07EDEB8E-9EE5-406E-BD44-52B40E6D49DE}.Debug|x86.Build.0 = Debug|Any CPU
		{07EDEB8E-9EE5-406E-BD44-52B40E6D49DE}.Debug|x86.Deploy.0 = Debug|Any CPU
		{07EDEB8E-9EE5-406E-BD44-52B40E6D49DE}.Release|Any CPU.ActiveCfg = Release|Any CPU
		{07EDEB8E-9EE5-406E-BD44-52B40E6D49DE}.Release|Any CPU.Build.0 = Release|Any CPU
		{07EDEB8E-9EE5-406E-BD44-52B40E6D49DE}.Release|Any CPU.Deploy.0 = Release|Any CPU
		{07EDEB8E-9EE5-406E-BD44-52B40E6D49DE}.Release|ARM.ActiveCfg = Release|Any CPU
		{07EDEB8E-9EE5-406E-BD44-52B40E6D49DE}.Release|ARM.Build.0 = Release|Any CPU
		{07EDEB8E-9EE5-406E-BD44-52B40E6D49DE}.Release|ARM.Deploy.0 = Release|Any CPU
		{07EDEB8E-9EE5-406E-BD44-52B40E6D49DE}.Release|x64.ActiveCfg = Release|Any CPU
		{07EDEB8E-9EE5-406E-BD44-52B40E6D49DE}.Release|x64.Build.0 = Release|Any CPU
		{07EDEB8E-9EE5-406E-BD44-52B40E6D49DE}.Release|x64.Deploy.0 = Release|Any CPU
		{07EDEB8E-9EE5-406E-BD44-52B40E6D49DE}.Release|x86.ActiveCfg = Release|Any CPU
		{07EDEB8E-9EE5-406E-BD44-52B40E6D49DE}.Release|x86.Build.0 = Release|Any CPU
		{07EDEB8E-9EE5-406E-BD44-52B40E6D49DE}.Release|x86.Deploy.0 = Release|Any CPU
		{BD97F1B8-0230-459D-BB64-D5DB8A08A8BA}.Debug|Any CPU.ActiveCfg = Debug|x86
		{BD97F1B8-0230-459D-BB64-D5DB8A08A8BA}.Debug|Any CPU.Build.0 = Debug|x86
		{BD97F1B8-0230-459D-BB64-D5DB8A08A8BA}.Debug|Any CPU.Deploy.0 = Debug|x86
		{BD97F1B8-0230-459D-BB64-D5DB8A08A8BA}.Debug|ARM.ActiveCfg = Debug|ARM
		{BD97F1B8-0230-459D-BB64-D5DB8A08A8BA}.Debug|ARM.Build.0 = Debug|ARM
		{BD97F1B8-0230-459D-BB64-D5DB8A08A8BA}.Debug|ARM.Deploy.0 = Debug|ARM
		{BD97F1B8-0230-459D-BB64-D5DB8A08A8BA}.Debug|x64.ActiveCfg = Debug|x64
		{BD97F1B8-0230-459D-BB64-D5DB8A08A8BA}.Debug|x64.Build.0 = Debug|x64
		{BD97F1B8-0230-459D-BB64-D5DB8A08A8BA}.Debug|x64.Deploy.0 = Debug|x64
		{BD97F1B8-0230-459D-BB64-D5DB8A08A8BA}.Debug|x86.ActiveCfg = Debug|x86
		{BD97F1B8-0230-459D-BB64-D5DB8A08A8BA}.Debug|x86.Build.0 = Debug|x86
		{BD97F1B8-0230-459D-BB64-D5DB8A08A8BA}.Debug|x86.Deploy.0 = Debug|x86
		{BD97F1B8-0230-459D-BB64-D5DB8A08A8BA}.Release|Any CPU.ActiveCfg = Release|x86
		{BD97F1B8-0230-459D-BB64-D5DB8A08A8BA}.Release|Any CPU.Build.0 = Release|x86
		{BD97F1B8-0230-459D-BB64-D5DB8A08A8BA}.Release|Any CPU.Deploy.0 = Release|x86
		{BD97F1B8-0230-459D-BB64-D5DB8A08A8BA}.Release|ARM.ActiveCfg = Release|ARM
		{BD97F1B8-0230-459D-BB64-D5DB8A08A8BA}.Release|ARM.Build.0 = Release|ARM
		{BD97F1B8-0230-459D-BB64-D5DB8A08A8BA}.Release|ARM.Deploy.0 = Release|ARM
		{BD97F1B8-0230-459D-BB64-D5DB8A08A8BA}.Release|x64.ActiveCfg = Release|x64
		{BD97F1B8-0230-459D-BB64-D5DB8A08A8BA}.Release|x64.Build.0 = Release|x64
		{BD97F1B8-0230-459D-BB64-D5DB8A08A8BA}.Release|x64.Deploy.0 = Release|x64
		{BD97F1B8-0230-459D-BB64-D5DB8A08A8BA}.Release|x86.ActiveCfg = Release|x86
		{BD97F1B8-0230-459D-BB64-D5DB8A08A8BA}.Release|x86.Build.0 = Release|x86
		{BD97F1B8-0230-459D-BB64-D5DB8A08A8BA}.Release|x86.Deploy.0 = Release|x86
		{875CC406-7407-4C1A-94C2-2FDFADFE0EE4}.Debug|Any CPU.ActiveCfg = Debug|Any CPU
		{875CC406-7407-4C1A-94C2-2FDFADFE0EE4}.Debug|Any CPU.Build.0 = Debug|Any CPU
		{875CC406-7407-4C1A-94C2-2FDFADFE0EE4}.Debug|Any CPU.Deploy.0 = Debug|Any CPU
		{875CC406-7407-4C1A-94C2-2FDFADFE0EE4}.Debug|ARM.ActiveCfg = Debug|Any CPU
		{875CC406-7407-4C1A-94C2-2FDFADFE0EE4}.Debug|ARM.Build.0 = Debug|Any CPU
		{875CC406-7407-4C1A-94C2-2FDFADFE0EE4}.Debug|ARM.Deploy.0 = Debug|Any CPU
		{875CC406-7407-4C1A-94C2-2FDFADFE0EE4}.Debug|x64.ActiveCfg = Debug|Any CPU
		{875CC406-7407-4C1A-94C2-2FDFADFE0EE4}.Debug|x64.Build.0 = Debug|Any CPU
		{875CC406-7407-4C1A-94C2-2FDFADFE0EE4}.Debug|x64.Deploy.0 = Debug|Any CPU
		{875CC406-7407-4C1A-94C2-2FDFADFE0EE4}.Debug|x86.ActiveCfg = Debug|Any CPU
		{875CC406-7407-4C1A-94C2-2FDFADFE0EE4}.Debug|x86.Build.0 = Debug|Any CPU
		{875CC406-7407-4C1A-94C2-2FDFADFE0EE4}.Debug|x86.Deploy.0 = Debug|Any CPU
		{875CC406-7407-4C1A-94C2-2FDFADFE0EE4}.Release|Any CPU.ActiveCfg = Release|Any CPU
		{875CC406-7407-4C1A-94C2-2FDFADFE0EE4}.Release|Any CPU.Build.0 = Release|Any CPU
		{875CC406-7407-4C1A-94C2-2FDFADFE0EE4}.Release|Any CPU.Deploy.0 = Release|Any CPU
		{875CC406-7407-4C1A-94C2-2FDFADFE0EE4}.Release|ARM.ActiveCfg = Release|Any CPU
		{875CC406-7407-4C1A-94C2-2FDFADFE0EE4}.Release|ARM.Build.0 = Release|Any CPU
		{875CC406-7407-4C1A-94C2-2FDFADFE0EE4}.Release|ARM.Deploy.0 = Release|Any CPU
		{875CC406-7407-4C1A-94C2-2FDFADFE0EE4}.Release|x64.ActiveCfg = Release|Any CPU
		{875CC406-7407-4C1A-94C2-2FDFADFE0EE4}.Release|x64.Build.0 = Release|Any CPU
		{875CC406-7407-4C1A-94C2-2FDFADFE0EE4}.Release|x64.Deploy.0 = Release|Any CPU
		{875CC406-7407-4C1A-94C2-2FDFADFE0EE4}.Release|x86.ActiveCfg = Release|Any CPU
		{875CC406-7407-4C1A-94C2-2FDFADFE0EE4}.Release|x86.Build.0 = Release|Any CPU
		{875CC406-7407-4C1A-94C2-2FDFADFE0EE4}.Release|x86.Deploy.0 = Release|Any CPU
	EndGlobalSection
	GlobalSection(SolutionProperties) = preSolution
		HideSolutionNode = FALSE
	EndGlobalSection
	GlobalSection(ExtensibilityGlobals) = postSolution
		SolutionGuid = {30705967-C785-4675-9860-854D9CA273E0}
	EndGlobalSection
EndGlobal
